
Microsoft Visual Studio Solution File, Format Version 12.00
# Visual Studio 15
VisualStudioVersion = 15.0.28307.1525
MinimumVisualStudioVersion = 10.0.40219.1
Project("{FAE04EC0-301F-11D3-BF4B-00C04F79EFBC}") = "PharmacyMS", "PharmacyMS\PharmacyMS.csproj", "{685FB4C8-F822-41F8-8A12-7342BFD09720}"
EndProject
Global
	GlobalSection(SolutionConfigurationPlatforms) = preSolution
		Debug|Any CPU = Debug|Any CPU
		Release|Any CPU = Release|Any CPU
	EndGlobalSection
	GlobalSection(ProjectConfigurationPlatforms) = postSolution
		{685FB4C8-F822-41F8-8A12-7342BFD09720}.Debug|Any CPU.ActiveCfg = Debug|Any CPU
		{685FB4C8-F822-41F8-8A12-7342BFD09720}.Debug|Any CPU.Build.0 = Debug|Any CPU
		{685FB4C8-F822-41F8-8A12-7342BFD09720}.Release|Any CPU.ActiveCfg = Release|Any CPU
		{685FB4C8-F822-41F8-8A12-7342BFD09720}.Release|Any CPU.Build.0 = Release|Any CPU
	EndGlobalSection
	GlobalSection(SolutionProperties) = preSolution
		HideSolutionNode = FALSE
	EndGlobalSection
	GlobalSection(ExtensibilityGlobals) = postSolution
		SolutionGuid = {1DBB48E6-DC67-44A0-BFDA-7BF9AFAFB08B}
	EndGlobalSection
EndGlobal
